// !$*UTF8*$!
{
	archiveVersion = 1;
	classes = {
	};
	objectVersion = 46;
	objects = {

/* Begin PBXBuildFile section */
		F91D5EE51A77F7F2000CE1CD /* main.m in Sources */ = {isa = PBXBuildFile; fileRef = F91D5EE41A77F7F2000CE1CD /* main.m */; };
		F91D5EE81A77F7F2000CE1CD /* AppDelegate.m in Sources */ = {isa = PBXBuildFile; fileRef = F91D5EE71A77F7F2000CE1CD /* AppDelegate.m */; };
		F91D5EEB1A77F7F2000CE1CD /* TroyStoryFour.xcdatamodeld in Sources */ = {isa = PBXBuildFile; fileRef = F91D5EE91A77F7F2000CE1CD /* TroyStoryFour.xcdatamodeld */; };
		F91D5EEE1A77F7F2000CE1CD /* WarriorListViewController.m in Sources */ = {isa = PBXBuildFile; fileRef = F91D5EED1A77F7F2000CE1CD /* WarriorListViewController.m */; };
		F91D5EF11A77F7F2000CE1CD /* Main.storyboard in Resources */ = {isa = PBXBuildFile; fileRef = F91D5EEF1A77F7F2000CE1CD /* Main.storyboard */; };
		F91D5EF31A77F7F2000CE1CD /* Images.xcassets in Resources */ = {isa = PBXBuildFile; fileRef = F91D5EF21A77F7F2000CE1CD /* Images.xcassets */; };
		F91D5EF61A77F7F2000CE1CD /* LaunchScreen.xib in Resources */ = {isa = PBXBuildFile; fileRef = F91D5EF41A77F7F2000CE1CD /* LaunchScreen.xib */; };
		F91D5F021A77F7F2000CE1CD /* TroyStoryFourTests.m in Sources */ = {isa = PBXBuildFile; fileRef = F91D5F011A77F7F2000CE1CD /* TroyStoryFourTests.m */; };
/* End PBXBuildFile section */

/* Begin PBXContainerItemProxy section */
		F91D5EFC1A77F7F2000CE1CD /* PBXContainerItemProxy */ = {
			isa = PBXContainerItemProxy;
			containerPortal = F91D5ED71A77F7F1000CE1CD /* Project object */;
			proxyType = 1;
			remoteGlobalIDString = F91D5EDE1A77F7F2000CE1CD;
			remoteInfo = TroyStoryFour;
		};
/* End PBXContainerItemProxy section */

/* Begin PBXFileReference section */
		F91D5EDF1A77F7F2000CE1CD /* TroyStoryFour.app */ = {isa = PBXFileReference; explicitFileType = wrapper.application; includeInIndex = 0; path = TroyStoryFour.app; sourceTree = BUILT_PRODUCTS_DIR; };
		F91D5EE31A77F7F2000CE1CD /* Info.plist */ = {isa = PBXFileReference; lastKnownFileType = text.plist.xml; path = Info.plist; sourceTree = "<group>"; };
		F91D5EE41A77F7F2000CE1CD /* main.m */ = {isa = PBXFileReference; lastKnownFileType = sourcecode.c.objc; path = main.m; sourceTree = "<group>"; };
		F91D5EE61A77F7F2000CE1CD /* AppDelegate.h */ = {isa = PBXFileReference; lastKnownFileType = sourcecode.c.h; path = AppDelegate.h; sourceTree = "<group>"; };
		F91D5EE71A77F7F2000CE1CD /* AppDelegate.m */ = {isa = PBXFileReference; lastKnownFileType = sourcecode.c.objc; path = AppDelegate.m; sourceTree = "<group>"; };
		F91D5EEA1A77F7F2000CE1CD /* TroyStoryFour.xcdatamodel */ = {isa = PBXFileReference; lastKnownFileType = wrapper.xcdatamodel; path = TroyStoryFour.xcdatamodel; sourceTree = "<group>"; };
		F91D5EEC1A77F7F2000CE1CD /* WarriorListViewController.h */ = {isa = PBXFileReference; lastKnownFileType = sourcecode.c.h; path = WarriorListViewController.h; sourceTree = "<group>"; };
		F91D5EED1A77F7F2000CE1CD /* WarriorListViewController.m */ = {isa = PBXFileReference; lastKnownFileType = sourcecode.c.objc; path = WarriorListViewController.m; sourceTree = "<group>"; };
		F91D5EF01A77F7F2000CE1CD /* Base */ = {isa = PBXFileReference; lastKnownFileType = file.storyboard; name = Base; path = Base.lproj/Main.storyboard; sourceTree = "<group>"; };
		F91D5EF21A77F7F2000CE1CD /* Images.xcassets */ = {isa = PBXFileReference; lastKnownFileType = folder.assetcatalog; path = Images.xcassets; sourceTree = "<group>"; };
		F91D5EF51A77F7F2000CE1CD /* Base */ = {isa = PBXFileReference; lastKnownFileType = file.xib; name = Base; path = Base.lproj/LaunchScreen.xib; sourceTree = "<group>"; };
		F91D5EFB1A77F7F2000CE1CD /* TroyStoryFourTests.xctest */ = {isa = PBXFileReference; explicitFileType = wrapper.cfbundle; includeInIndex = 0; path = TroyStoryFourTests.xctest; sourceTree = BUILT_PRODUCTS_DIR; };
		F91D5F001A77F7F2000CE1CD /* Info.plist */ = {isa = PBXFileReference; lastKnownFileType = text.plist.xml; path = Info.plist; sourceTree = "<group>"; };
		F91D5F011A77F7F2000CE1CD /* TroyStoryFourTests.m */ = {isa = PBXFileReference; lastKnownFileType = sourcecode.c.objc; path = TroyStoryFourTests.m; sourceTree = "<group>"; };
/* End PBXFileReference section */

/* Begin PBXFrameworksBuildPhase section */
		F91D5EDC1A77F7F2000CE1CD /* Frameworks */ = {
			isa = PBXFrameworksBuildPhase;
			buildActionMask = 2147483647;
			files = (
			);
			runOnlyForDeploymentPostprocessing = 0;
		};
		F91D5EF81A77F7F2000CE1CD /* Frameworks */ = {
			isa = PBXFrameworksBuildPhase;
			buildActionMask = 2147483647;
			files = (
			);
			runOnlyForDeploymentPostprocessing = 0;
		};
/* End PBXFrameworksBuildPhase section */

/* Begin PBXGroup section */
		F91D5ED61A77F7F1000CE1CD = {
			isa = PBXGroup;
			children = (
				F91D5EE11A77F7F2000CE1CD /* TroyStoryFour */,
				F91D5EFE1A77F7F2000CE1CD /* TroyStoryFourTests */,
				F91D5EE01A77F7F2000CE1CD /* Products */,
			);
			sourceTree = "<group>";
		};
		F91D5EE01A77F7F2000CE1CD /* Products */ = {
			isa = PBXGroup;
			children = (
				F91D5EDF1A77F7F2000CE1CD /* TroyStoryFour.app */,
				F91D5EFB1A77F7F2000CE1CD /* TroyStoryFourTests.xctest */,
			);
			name = Products;
			sourceTree = "<group>";
		};
		F91D5EE11A77F7F2000CE1CD /* TroyStoryFour */ = {
			isa = PBXGroup;
			children = (
				F91D5EE61A77F7F2000CE1CD /* AppDelegate.h */,
				F91D5EE71A77F7F2000CE1CD /* AppDelegate.m */,
				F91D5EEC1A77F7F2000CE1CD /* WarriorListViewController.h */,
				F91D5EED1A77F7F2000CE1CD /* WarriorListViewController.m */,
				F91D5EEF1A77F7F2000CE1CD /* Main.storyboard */,
				F91D5EF21A77F7F2000CE1CD /* Images.xcassets */,
				F91D5EF41A77F7F2000CE1CD /* LaunchScreen.xib */,
				F91D5EE91A77F7F2000CE1CD /* TroyStoryFour.xcdatamodeld */,
				F91D5EE21A77F7F2000CE1CD /* Supporting Files */,
			);
			path = TroyStoryFour;
			sourceTree = "<group>";
		};
		F91D5EE21A77F7F2000CE1CD /* Supporting Files */ = {
			isa = PBXGroup;
			children = (
				F91D5EE31A77F7F2000CE1CD /* Info.plist */,
				F91D5EE41A77F7F2000CE1CD /* main.m */,
			);
			name = "Supporting Files";
			sourceTree = "<group>";
		};
		F91D5EFE1A77F7F2000CE1CD /* TroyStoryFourTests */ = {
			isa = PBXGroup;
			children = (
				F91D5F011A77F7F2000CE1CD /* TroyStoryFourTests.m */,
				F91D5EFF1A77F7F2000CE1CD /* Supporting Files */,
			);
			path = TroyStoryFourTests;
			sourceTree = "<group>";
		};
		F91D5EFF1A77F7F2000CE1CD /* Supporting Files */ = {
			isa = PBXGroup;
			children = (
				F91D5F001A77F7F2000CE1CD /* Info.plist */,
			);
			name = "Supporting Files";
			sourceTree = "<group>";
		};
/* End PBXGroup section */

/* Begin PBXNativeTarget section */
		F91D5EDE1A77F7F2000CE1CD /* TroyStoryFour */ = {
			isa = PBXNativeTarget;
			buildConfigurationList = F91D5F051A77F7F2000CE1CD /* Build configuration list for PBXNativeTarget "TroyStoryFour" */;
			buildPhases = (
				F91D5EDB1A77F7F2000CE1CD /* Sources */,
				F91D5EDC1A77F7F2000CE1CD /* Frameworks */,
				F91D5EDD1A77F7F2000CE1CD /* Resources */,
			);
			buildRules = (
			);
			dependencies = (
			);
			name = TroyStoryFour;
			productName = TroyStoryFour;
			productReference = F91D5EDF1A77F7F2000CE1CD /* TroyStoryFour.app */;
			productType = "com.apple.product-type.application";
		};
		F91D5EFA1A77F7F2000CE1CD /* TroyStoryFourTests */ = {
			isa = PBXNativeTarget;
			buildConfigurationList = F91D5F081A77F7F2000CE1CD /* Build configuration list for PBXNativeTarget "TroyStoryFourTests" */;
			buildPhases = (
				F91D5EF71A77F7F2000CE1CD /* Sources */,
				F91D5EF81A77F7F2000CE1CD /* Frameworks */,
				F91D5EF91A77F7F2000CE1CD /* Resources */,
			);
			buildRules = (
			);
			dependencies = (
				F91D5EFD1A77F7F2000CE1CD /* PBXTargetDependency */,
			);
			name = TroyStoryFourTests;
			productName = TroyStoryFourTests;
			productReference = F91D5EFB1A77F7F2000CE1CD /* TroyStoryFourTests.xctest */;
			productType = "com.apple.product-type.bundle.unit-test";
		};
/* End PBXNativeTarget section */

/* Begin PBXProject section */
		F91D5ED71A77F7F1000CE1CD /* Project object */ = {
			isa = PBXProject;
			attributes = {
				LastUpgradeCheck = 0610;
				ORGANIZATIONNAME = MobileMakers;
				TargetAttributes = {
					F91D5EDE1A77F7F2000CE1CD = {
						CreatedOnToolsVersion = 6.1.1;
					};
					F91D5EFA1A77F7F2000CE1CD = {
						CreatedOnToolsVersion = 6.1.1;
						TestTargetID = F91D5EDE1A77F7F2000CE1CD;
					};
				};
			};
			buildConfigurationList = F91D5EDA1A77F7F1000CE1CD /* Build configuration list for PBXProject "TroyStoryFour" */;
			compatibilityVersion = "Xcode 3.2";
			developmentRegion = English;
			hasScannedForEncodings = 0;
			knownRegions = (
				en,
				Base,
			);
			mainGroup = F91D5ED61A77F7F1000CE1CD;
			productRefGroup = F91D5EE01A77F7F2000CE1CD /* Products */;
			projectDirPath = "";
			projectRoot = "";
			targets = (
				F91D5EDE1A77F7F2000CE1CD /* TroyStoryFour */,
				F91D5EFA1A77F7F2000CE1CD /* TroyStoryFourTests */,
			);
		};
/* End PBXProject section */

/* Begin PBXResourcesBuildPhase section */
		F91D5EDD1A77F7F2000CE1CD /* Resources */ = {
			isa = PBXResourcesBuildPhase;
			buildActionMask = 2147483647;
			files = (
				F91D5EF11A77F7F2000CE1CD /* Main.storyboard in Resources */,
				F91D5EF61A77F7F2000CE1CD /* LaunchScreen.xib in Resources */,
				F91D5EF31A77F7F2000CE1CD /* Images.xcassets in Resources */,
			);
			runOnlyForDeploymentPostprocessing = 0;
		};
		F91D5EF91A77F7F2000CE1CD /* Resources */ = {
			isa = PBXResourcesBuildPhase;
			buildActionMask = 2147483647;
			files = (
			);
			runOnlyForDeploymentPostprocessing = 0;
		};
/* End PBXResourcesBuildPhase section */

/* Begin PBXSourcesBuildPhase section */
		F91D5EDB1A77F7F2000CE1CD /* Sources */ = {
			isa = PBXSourcesBuildPhase;
			buildActionMask = 2147483647;
			files = (
				F91D5EE81A77F7F2000CE1CD /* AppDelegate.m in Sources */,
				F91D5EEB1A77F7F2000CE1CD /* TroyStoryFour.xcdatamodeld in Sources */,
				F91D5EEE1A77F7F2000CE1CD /* WarriorListViewController.m in Sources */,
				F91D5EE51A77F7F2000CE1CD /* main.m in Sources */,
			);
			runOnlyForDeploymentPostprocessing = 0;
		};
		F91D5EF71A77F7F2000CE1CD /* Sources */ = {
			isa = PBXSourcesBuildPhase;
			buildActionMask = 2147483647;
			files = (
				F91D5F021A77F7F2000CE1CD /* TroyStoryFourTests.m in Sources */,
			);
			runOnlyForDeploymentPostprocessing = 0;
		};
/* End PBXSourcesBuildPhase section */

/* Begin PBXTargetDependency section */
		F91D5EFD1A77F7F2000CE1CD /* PBXTargetDependency */ = {
			isa = PBXTargetDependency;
			target = F91D5EDE1A77F7F2000CE1CD /* TroyStoryFour */;
			targetProxy = F91D5EFC1A77F7F2000CE1CD /* PBXContainerItemProxy */;
		};
/* End PBXTargetDependency section */

/* Begin PBXVariantGroup section */
		F91D5EEF1A77F7F2000CE1CD /* Main.storyboard */ = {
			isa = PBXVariantGroup;
			children = (
				F91D5EF01A77F7F2000CE1CD /* Base */,
			);
			name = Main.storyboard;
			sourceTree = "<group>";
		};
		F91D5EF41A77F7F2000CE1CD /* LaunchScreen.xib */ = {
			isa = PBXVariantGroup;
			children = (
				F91D5EF51A77F7F2000CE1CD /* Base */,
			);
			name = LaunchScreen.xib;
			sourceTree = "<group>";
		};
/* End PBXVariantGroup section */

/* Begin XCBuildConfiguration section */
		F91D5F031A77F7F2000CE1CD /* Debug */ = {
			isa = XCBuildConfiguration;
			buildSettings = {
				ALWAYS_SEARCH_USER_PATHS = NO;
				CLANG_CXX_LANGUAGE_STANDARD = "gnu++0x";
				CLANG_CXX_LIBRARY = "libc++";
				CLANG_ENABLE_MODULES = YES;
				CLANG_ENABLE_OBJC_ARC = YES;
				CLANG_WARN_BOOL_CONVERSION = YES;
				CLANG_WARN_CONSTANT_CONVERSION = YES;
				CLANG_WARN_DIRECT_OBJC_ISA_USAGE = YES_ERROR;
				CLANG_WARN_EMPTY_BODY = YES;
				CLANG_WARN_ENUM_CONVERSION = YES;
				CLANG_WARN_INT_CONVERSION = YES;
				CLANG_WARN_OBJC_ROOT_CLASS = YES_ERROR;
				CLANG_WARN_UNREACHABLE_CODE = YES;
				CLANG_WARN__DUPLICATE_METHOD_MATCH = YES;
				"CODE_SIGN_IDENTITY[sdk=iphoneos*]" = "iPhone Developer";
				COPY_PHASE_STRIP = NO;
				ENABLE_STRICT_OBJC_MSGSEND = YES;
				GCC_C_LANGUAGE_STANDARD = gnu99;
				GCC_DYNAMIC_NO_PIC = NO;
				GCC_OPTIMIZATION_LEVEL = 0;
				GCC_PREPROCESSOR_DEFINITIONS = (
					"DEBUG=1",
					"$(inherited)",
				);
				GCC_SYMBOLS_PRIVATE_EXTERN = NO;
				GCC_WARN_64_TO_32_BIT_CONVERSION = YES;
				GCC_WARN_ABOUT_RETURN_TYPE = YES_ERROR;
				GCC_WARN_UNDECLARED_SELECTOR = YES;
				GCC_WARN_UNINITIALIZED_AUTOS = YES_AGGRESSIVE;
				GCC_WARN_UNUSED_FUNCTION = YES;
				GCC_WARN_UNUSED_VARIABLE = YES;
				IPHONEOS_DEPLOYMENT_TARGET = 8.1;
				MTL_ENABLE_DEBUG_INFO = YES;
				ONLY_ACTIVE_ARCH = YES;
				SDKROOT = iphoneos;
			};
			name = Debug;
		};
		F91D5F041A77F7F2000CE1CD /* Release */ = {
			isa = XCBuildConfiguration;
			buildSettings = {
				ALWAYS_SEARCH_USER_PATHS = NO;
				CLANG_CXX_LANGUAGE_STANDARD = "gnu++0x";
				CLANG_CXX_LIBRARY = "libc++";
				CLANG_ENABLE_MODULES = YES;
				CLANG_ENABLE_OBJC_ARC = YES;
				CLANG_WARN_BOOL_CONVERSION = YES;
				CLANG_WARN_CONSTANT_CONVERSION = YES;
				CLANG_WARN_DIRECT_OBJC_ISA_USAGE = YES_ERROR;
				CLANG_WARN_EMPTY_BODY = YES;
				CLANG_WARN_ENUM_CONVERSION = YES;
				CLANG_WARN_INT_CONVERSION = YES;
				CLANG_WARN_OBJC_ROOT_CLASS = YES_ERROR;
				CLANG_WARN_UNREACHABLE_CODE = YES;
				CLANG_WARN__DUPLICATE_METHOD_MATCH = YES;
				"CODE_SIGN_IDENTITY[sdk=iphoneos*]" = "iPhone Developer";
				COPY_PHASE_STRIP = YES;
				ENABLE_NS_ASSERTIONS = NO;
				ENABLE_STRICT_OBJC_MSGSEND = YES;
				GCC_C_LANGUAGE_STANDARD = gnu99;
				GCC_WARN_64_TO_32_BIT_CONVERSION = YES;
				GCC_WARN_ABOUT_RETURN_TYPE = YES_ERROR;
				GCC_WARN_UNDECLARED_SELECTOR = YES;
				GCC_WARN_UNINITIALIZED_AUTOS = YES_AGGRESSIVE;
				GCC_WARN_UNUSED_FUNCTION = YES;
				GCC_WARN_UNUSED_VARIABLE = YES;
				IPHONEOS_DEPLOYMENT_TARGET = 8.1;
				MTL_ENABLE_DEBUG_INFO = NO;
				SDKROOT = iphoneos;
				VALIDATE_PRODUCT = YES;
			};
			name = Release;
		};
		F91D5F061A77F7F2000CE1CD /* Debug */ = {
			isa = XCBuildConfiguration;
			buildSettings = {
				ASSETCATALOG_COMPILER_APPICON_NAME = AppIcon;
				INFOPLIST_FILE = TroyStoryFour/Info.plist;
				LD_RUNPATH_SEARCH_PATHS = "$(inherited) @executable_path/Frameworks";
				PRODUCT_NAME = "$(TARGET_NAME)";
			};
			name = Debug;
		};
		F91D5F071A77F7F2000CE1CD /* Release */ = {
			isa = XCBuildConfiguration;
			buildSettings = {
				ASSETCATALOG_COMPILER_APPICON_NAME = AppIcon;
				INFOPLIST_FILE = TroyStoryFour/Info.plist;
				LD_RUNPATH_SEARCH_PATHS = "$(inherited) @executable_path/Frameworks";
				PRODUCT_NAME = "$(TARGET_NAME)";
			};
			name = Release;
		};
		F91D5F091A77F7F2000CE1CD /* Debug */ = {
			isa = XCBuildConfiguration;
			buildSettings = {
				BUNDLE_LOADER = "$(TEST_HOST)";
				FRAMEWORK_SEARCH_PATHS = (
					"$(SDKROOT)/Developer/Library/Frameworks",
					"$(inherited)",
				);
				GCC_PREPROCESSOR_DEFINITIONS = (
					"DEBUG=1",
					"$(inherited)",
				);
				INFOPLIST_FILE = TroyStoryFourTests/Info.plist;
				LD_RUNPATH_SEARCH_PATHS = "$(inherited) @executable_path/Frameworks @loader_path/Frameworks";
				PRODUCT_NAME = "$(TARGET_NAME)";
				TEST_HOST = "$(BUILT_PRODUCTS_DIR)/TroyStoryFour.app/TroyStoryFour";
			};
			name = Debug;
		};
		F91D5F0A1A77F7F2000CE1CD /* Release */ = {
			isa = XCBuildConfiguration;
			buildSettings = {
				BUNDLE_LOADER = "$(TEST_HOST)";
				FRAMEWORK_SEARCH_PATHS = (
					"$(SDKROOT)/Developer/Library/Frameworks",
					"$(inherited)",
				);
				INFOPLIST_FILE = TroyStoryFourTests/Info.plist;
				LD_RUNPATH_SEARCH_PATHS = "$(inherited) @executable_path/Frameworks @loader_path/Frameworks";
				PRODUCT_NAME = "$(TARGET_NAME)";
				TEST_HOST = "$(BUILT_PRODUCTS_DIR)/TroyStoryFour.app/TroyStoryFour";
			};
			name = Release;
		};
/* End XCBuildConfiguration section */

/* Begin XCConfigurationList section */
		F91D5EDA1A77F7F1000CE1CD /* Build configuration list for PBXProject "TroyStoryFour" */ = {
			isa = XCConfigurationList;
			buildConfigurations = (
				F91D5F031A77F7F2000CE1CD /* Debug */,
				F91D5F041A77F7F2000CE1CD /* Release */,
			);
			defaultConfigurationIsVisible = 0;
			defaultConfigurationName = Release;
		};
		F91D5F051A77F7F2000CE1CD /* Build configuration list for PBXNativeTarget "TroyStoryFour" */ = {
			isa = XCConfigurationList;
			buildConfigurations = (
				F91D5F061A77F7F2000CE1CD /* Debug */,
				F91D5F071A77F7F2000CE1CD /* Release */,
			);
			defaultConfigurationIsVisible = 0;
		};
		F91D5F081A77F7F2000CE1CD /* Build configuration list for PBXNativeTarget "TroyStoryFourTests" */ = {
			isa = XCConfigurationList;
			buildConfigurations = (
				F91D5F091A77F7F2000CE1CD /* Debug */,
				F91D5F0A1A77F7F2000CE1CD /* Release */,
			);
			defaultConfigurationIsVisible = 0;
		};
/* End XCConfigurationList section */

/* Begin XCVersionGroup section */
		F91D5EE91A77F7F2000CE1CD /* TroyStoryFour.xcdatamodeld */ = {
			isa = XCVersionGroup;
			children = (
				F91D5EEA1A77F7F2000CE1CD /* TroyStoryFour.xcdatamodel */,
			);
			currentVersion = F91D5EEA1A77F7F2000CE1CD /* TroyStoryFour.xcdatamodel */;
			path = TroyStoryFour.xcdatamodeld;
			sourceTree = "<group>";
			versionGroupType = wrapper.xcdatamodel;
		};
/* End XCVersionGroup section */
	};
	rootObject = F91D5ED71A77F7F1000CE1CD /* Project object */;
}
